
Microsoft Visual Studio Solution File, Format Version 12.00
# Visual Studio Version 17
VisualStudioVersion = 17.5.33402.96
MinimumVisualStudioVersion = 10.0.40219.1
Project("{2150E333-8FDC-42A3-9474-1A3956D46DE8}") = "BuildingBlocks", "BuildingBlocks", "{212EC680-C5D0-4A9D-8F18-A357DBC7F944}"
EndProject
Project("{2150E333-8FDC-42A3-9474-1A3956D46DE8}") = "Services", "Services", "{3AC6947F-D5F5-48FF-8BC5-122111DD57CF}"
EndProject
Project("{2150E333-8FDC-42A3-9474-1A3956D46DE8}") = "Catalog", "Catalog", "{20ABEAC9-13CD-404B-8503-EE1380A95247}"
EndProject
Project("{9A19103F-16F7-4668-BE54-9A1E7A4F7556}") = "Catalog.Api", "Services\Catalog\Catalog.Api\Catalog.Api.csproj", "{6421E99B-BAE2-45E6-8CAD-8B3A5E7F8C31}"
EndProject
Project("{9A19103F-16F7-4668-BE54-9A1E7A4F7556}") = "Catalog.Domain", "Services\Catalog\Catalog.Domain\Catalog.Domain.csproj", "{244CDC26-5978-41E7-977B-F81FFDB8C001}"
EndProject
Project("{9A19103F-16F7-4668-BE54-9A1E7A4F7556}") = "Catalog.Application", "Services\Catalog\Catalog.Application\Catalog.Application.csproj", "{97EE0A2F-DF04-44FF-B058-A461A3CD4F04}"
EndProject
Project("{9A19103F-16F7-4668-BE54-9A1E7A4F7556}") = "Catalog.Infrastructure", "Services\Catalog\Catalog.Infrastructure\Catalog.Infrastructure.csproj", "{F7B7D654-0A3F-437C-8024-20F9995F89E3}"
EndProject
Project("{2150E333-8FDC-42A3-9474-1A3956D46DE8}") = "Basket", "Basket", "{DA5A3A99-32D2-420E-A11D-806543B17F26}"
EndProject
Project("{2150E333-8FDC-42A3-9474-1A3956D46DE8}") = "Discount", "Discount", "{838663F9-2335-4CCB-9107-F19B1CDBDE8F}"
EndProject
Project("{2150E333-8FDC-42A3-9474-1A3956D46DE8}") = "Order", "Order", "{2339DA67-ADBE-4638-8C61-9D78795E9508}"
EndProject
Project("{2150E333-8FDC-42A3-9474-1A3956D46DE8}") = "ApiGateway", "ApiGateway", "{92B23AD4-1CAF-4BFE-9A48-C82829B40F42}"
EndProject
Project("{9A19103F-16F7-4668-BE54-9A1E7A4F7556}") = "Basket.Api", "Services\Basket\Basket.Api\Basket.Api.csproj", "{9B3A5FBD-E81C-428A-BE34-766B1E88AE91}"
EndProject
Project("{9A19103F-16F7-4668-BE54-9A1E7A4F7556}") = "Basket.Domain", "Services\Basket\Basket.Domain\Basket.Domain.csproj", "{25203B97-891A-4A54-B5B9-B7B54FA02D7A}"
EndProject
Project("{9A19103F-16F7-4668-BE54-9A1E7A4F7556}") = "Basket.Application", "Services\Basket\Basket.Application\Basket.Application.csproj", "{4606D714-F62F-49E4-B901-9FE545EFA43D}"
EndProject
Project("{9A19103F-16F7-4668-BE54-9A1E7A4F7556}") = "Basket.Infrastructure", "Services\Basket\Basket.Infrastructure\Basket.Infrastructure.csproj", "{F5BC5B43-0C41-42EA-8737-789134463BE0}"
EndProject
Project("{9A19103F-16F7-4668-BE54-9A1E7A4F7556}") = "DiscountGrpc", "Services\Discount\DiscountGrpc\DiscountGrpc.csproj", "{8629084B-0011-4413-AD84-472AD2962E78}"
EndProject
Project("{9A19103F-16F7-4668-BE54-9A1E7A4F7556}") = "Discount.Api", "Services\Discount\Discount.Api\Discount.Api.csproj", "{40EDA845-FF8B-46AD-967C-A1790860FFCB}"
EndProject
Project("{2150E333-8FDC-42A3-9474-1A3956D46DE8}") = "Contracts", "Contracts", "{98466B2F-5007-4322-9322-951D5279DCF0}"
EndProject
Project("{9A19103F-16F7-4668-BE54-9A1E7A4F7556}") = "RabbitMQ", "BuildingBlocks\Contracts\RabbitMQ\RabbitMQ.csproj", "{CE149DFF-661E-4BCD-9960-EB55C2408BFE}"
EndProject
Project("{9A19103F-16F7-4668-BE54-9A1E7A4F7556}") = "GRPC", "BuildingBlocks\Contracts\GRPC\GRPC.csproj", "{D8F37F45-8843-4865-BFDF-A5DAB8AABEF0}"
EndProject
Project("{9A19103F-16F7-4668-BE54-9A1E7A4F7556}") = "Order.Api", "Services\Order\Order\Order.Api.csproj", "{0FEEB329-E070-4AAA-90E2-3C922867A434}"
EndProject
Project("{9A19103F-16F7-4668-BE54-9A1E7A4F7556}") = "Discount.DAL", "Services\Discount\Discount.DAL\Discount.DAL.csproj", "{B3206195-CE7C-4E8D-B86A-EFF02B428B13}"
EndProject
Project("{FAE04EC0-301F-11D3-BF4B-00C04F79EFBC}") = "OcelotApiGateway", "ApiGateway\OcelotApiGateway\OcelotApiGateway.csproj", "{B56F2699-9A40-4F8A-9372-A3F85B1D7BFF}"
EndProject
Global
	GlobalSection(SolutionConfigurationPlatforms) = preSolution
		Debug|Any CPU = Debug|Any CPU
		Release|Any CPU = Release|Any CPU
	EndGlobalSection
	GlobalSection(ProjectConfigurationPlatforms) = postSolution
		{6421E99B-BAE2-45E6-8CAD-8B3A5E7F8C31}.Debug|Any CPU.ActiveCfg = Debug|Any CPU
		{6421E99B-BAE2-45E6-8CAD-8B3A5E7F8C31}.Debug|Any CPU.Build.0 = Debug|Any CPU
		{6421E99B-BAE2-45E6-8CAD-8B3A5E7F8C31}.Release|Any CPU.ActiveCfg = Release|Any CPU
		{6421E99B-BAE2-45E6-8CAD-8B3A5E7F8C31}.Release|Any CPU.Build.0 = Release|Any CPU
		{244CDC26-5978-41E7-977B-F81FFDB8C001}.Debug|Any CPU.ActiveCfg = Debug|Any CPU
		{244CDC26-5978-41E7-977B-F81FFDB8C001}.Debug|Any CPU.Build.0 = Debug|Any CPU
		{244CDC26-5978-41E7-977B-F81FFDB8C001}.Release|Any CPU.ActiveCfg = Release|Any CPU
		{244CDC26-5978-41E7-977B-F81FFDB8C001}.Release|Any CPU.Build.0 = Release|Any CPU
		{97EE0A2F-DF04-44FF-B058-A461A3CD4F04}.Debug|Any CPU.ActiveCfg = Debug|Any CPU
		{97EE0A2F-DF04-44FF-B058-A461A3CD4F04}.Debug|Any CPU.Build.0 = Debug|Any CPU
		{97EE0A2F-DF04-44FF-B058-A461A3CD4F04}.Release|Any CPU.ActiveCfg = Release|Any CPU
		{97EE0A2F-DF04-44FF-B058-A461A3CD4F04}.Release|Any CPU.Build.0 = Release|Any CPU
		{F7B7D654-0A3F-437C-8024-20F9995F89E3}.Debug|Any CPU.ActiveCfg = Debug|Any CPU
		{F7B7D654-0A3F-437C-8024-20F9995F89E3}.Debug|Any CPU.Build.0 = Debug|Any CPU
		{F7B7D654-0A3F-437C-8024-20F9995F89E3}.Release|Any CPU.ActiveCfg = Release|Any CPU
		{F7B7D654-0A3F-437C-8024-20F9995F89E3}.Release|Any CPU.Build.0 = Release|Any CPU
		{9B3A5FBD-E81C-428A-BE34-766B1E88AE91}.Debug|Any CPU.ActiveCfg = Debug|Any CPU
		{9B3A5FBD-E81C-428A-BE34-766B1E88AE91}.Debug|Any CPU.Build.0 = Debug|Any CPU
		{9B3A5FBD-E81C-428A-BE34-766B1E88AE91}.Release|Any CPU.ActiveCfg = Release|Any CPU
		{9B3A5FBD-E81C-428A-BE34-766B1E88AE91}.Release|Any CPU.Build.0 = Release|Any CPU
		{25203B97-891A-4A54-B5B9-B7B54FA02D7A}.Debug|Any CPU.ActiveCfg = Debug|Any CPU
		{25203B97-891A-4A54-B5B9-B7B54FA02D7A}.Debug|Any CPU.Build.0 = Debug|Any CPU
		{25203B97-891A-4A54-B5B9-B7B54FA02D7A}.Release|Any CPU.ActiveCfg = Release|Any CPU
		{25203B97-891A-4A54-B5B9-B7B54FA02D7A}.Release|Any CPU.Build.0 = Release|Any CPU
		{4606D714-F62F-49E4-B901-9FE545EFA43D}.Debug|Any CPU.ActiveCfg = Debug|Any CPU
		{4606D714-F62F-49E4-B901-9FE545EFA43D}.Debug|Any CPU.Build.0 = Debug|Any CPU
		{4606D714-F62F-49E4-B901-9FE545EFA43D}.Release|Any CPU.ActiveCfg = Release|Any CPU
		{4606D714-F62F-49E4-B901-9FE545EFA43D}.Release|Any CPU.Build.0 = Release|Any CPU
		{F5BC5B43-0C41-42EA-8737-789134463BE0}.Debug|Any CPU.ActiveCfg = Debug|Any CPU
		{F5BC5B43-0C41-42EA-8737-789134463BE0}.Debug|Any CPU.Build.0 = Debug|Any CPU
		{F5BC5B43-0C41-42EA-8737-789134463BE0}.Release|Any CPU.ActiveCfg = Release|Any CPU
		{F5BC5B43-0C41-42EA-8737-789134463BE0}.Release|Any CPU.Build.0 = Release|Any CPU
		{8629084B-0011-4413-AD84-472AD2962E78}.Debug|Any CPU.ActiveCfg = Debug|Any CPU
		{8629084B-0011-4413-AD84-472AD2962E78}.Debug|Any CPU.Build.0 = Debug|Any CPU
		{8629084B-0011-4413-AD84-472AD2962E78}.Release|Any CPU.ActiveCfg = Release|Any CPU
		{8629084B-0011-4413-AD84-472AD2962E78}.Release|Any CPU.Build.0 = Release|Any CPU
		{40EDA845-FF8B-46AD-967C-A1790860FFCB}.Debug|Any CPU.ActiveCfg = Debug|Any CPU
		{40EDA845-FF8B-46AD-967C-A1790860FFCB}.Debug|Any CPU.Build.0 = Debug|Any CPU
		{40EDA845-FF8B-46AD-967C-A1790860FFCB}.Release|Any CPU.ActiveCfg = Release|Any CPU
		{40EDA845-FF8B-46AD-967C-A1790860FFCB}.Release|Any CPU.Build.0 = Release|Any CPU
		{CE149DFF-661E-4BCD-9960-EB55C2408BFE}.Debug|Any CPU.ActiveCfg = Debug|Any CPU
		{CE149DFF-661E-4BCD-9960-EB55C2408BFE}.Debug|Any CPU.Build.0 = Debug|Any CPU
		{CE149DFF-661E-4BCD-9960-EB55C2408BFE}.Release|Any CPU.ActiveCfg = Release|Any CPU
		{CE149DFF-661E-4BCD-9960-EB55C2408BFE}.Release|Any CPU.Build.0 = Release|Any CPU
		{D8F37F45-8843-4865-BFDF-A5DAB8AABEF0}.Debug|Any CPU.ActiveCfg = Debug|Any CPU
		{D8F37F45-8843-4865-BFDF-A5DAB8AABEF0}.Debug|Any CPU.Build.0 = Debug|Any CPU
		{D8F37F45-8843-4865-BFDF-A5DAB8AABEF0}.Release|Any CPU.ActiveCfg = Release|Any CPU
		{D8F37F45-8843-4865-BFDF-A5DAB8AABEF0}.Release|Any CPU.Build.0 = Release|Any CPU
		{0FEEB329-E070-4AAA-90E2-3C922867A434}.Debug|Any CPU.ActiveCfg = Debug|Any CPU
		{0FEEB329-E070-4AAA-90E2-3C922867A434}.Debug|Any CPU.Build.0 = Debug|Any CPU
		{0FEEB329-E070-4AAA-90E2-3C922867A434}.Release|Any CPU.ActiveCfg = Release|Any CPU
		{0FEEB329-E070-4AAA-90E2-3C922867A434}.Release|Any CPU.Build.0 = Release|Any CPU
		{B3206195-CE7C-4E8D-B86A-EFF02B428B13}.Debug|Any CPU.ActiveCfg = Debug|Any CPU
		{B3206195-CE7C-4E8D-B86A-EFF02B428B13}.Debug|Any CPU.Build.0 = Debug|Any CPU
		{B3206195-CE7C-4E8D-B86A-EFF02B428B13}.Release|Any CPU.ActiveCfg = Release|Any CPU
		{B3206195-CE7C-4E8D-B86A-EFF02B428B13}.Release|Any CPU.Build.0 = Release|Any CPU
		{B56F2699-9A40-4F8A-9372-A3F85B1D7BFF}.Debug|Any CPU.ActiveCfg = Debug|Any CPU
		{B56F2699-9A40-4F8A-9372-A3F85B1D7BFF}.Debug|Any CPU.Build.0 = Debug|Any CPU
		{B56F2699-9A40-4F8A-9372-A3F85B1D7BFF}.Release|Any CPU.ActiveCfg = Release|Any CPU
		{B56F2699-9A40-4F8A-9372-A3F85B1D7BFF}.Release|Any CPU.Build.0 = Release|Any CPU
	EndGlobalSection
	GlobalSection(SolutionProperties) = preSolution
		HideSolutionNode = FALSE
	EndGlobalSection
	GlobalSection(NestedProjects) = preSolution
		{20ABEAC9-13CD-404B-8503-EE1380A95247} = {3AC6947F-D5F5-48FF-8BC5-122111DD57CF}
		{6421E99B-BAE2-45E6-8CAD-8B3A5E7F8C31} = {20ABEAC9-13CD-404B-8503-EE1380A95247}
		{244CDC26-5978-41E7-977B-F81FFDB8C001} = {20ABEAC9-13CD-404B-8503-EE1380A95247}
		{97EE0A2F-DF04-44FF-B058-A461A3CD4F04} = {20ABEAC9-13CD-404B-8503-EE1380A95247}
		{F7B7D654-0A3F-437C-8024-20F9995F89E3} = {20ABEAC9-13CD-404B-8503-EE1380A95247}
		{DA5A3A99-32D2-420E-A11D-806543B17F26} = {3AC6947F-D5F5-48FF-8BC5-122111DD57CF}
		{838663F9-2335-4CCB-9107-F19B1CDBDE8F} = {3AC6947F-D5F5-48FF-8BC5-122111DD57CF}
		{2339DA67-ADBE-4638-8C61-9D78795E9508} = {3AC6947F-D5F5-48FF-8BC5-122111DD57CF}
		{9B3A5FBD-E81C-428A-BE34-766B1E88AE91} = {DA5A3A99-32D2-420E-A11D-806543B17F26}
		{25203B97-891A-4A54-B5B9-B7B54FA02D7A} = {DA5A3A99-32D2-420E-A11D-806543B17F26}
		{4606D714-F62F-49E4-B901-9FE545EFA43D} = {DA5A3A99-32D2-420E-A11D-806543B17F26}
		{F5BC5B43-0C41-42EA-8737-789134463BE0} = {DA5A3A99-32D2-420E-A11D-806543B17F26}
		{8629084B-0011-4413-AD84-472AD2962E78} = {838663F9-2335-4CCB-9107-F19B1CDBDE8F}
		{40EDA845-FF8B-46AD-967C-A1790860FFCB} = {838663F9-2335-4CCB-9107-F19B1CDBDE8F}
		{98466B2F-5007-4322-9322-951D5279DCF0} = {212EC680-C5D0-4A9D-8F18-A357DBC7F944}
		{CE149DFF-661E-4BCD-9960-EB55C2408BFE} = {98466B2F-5007-4322-9322-951D5279DCF0}
		{D8F37F45-8843-4865-BFDF-A5DAB8AABEF0} = {98466B2F-5007-4322-9322-951D5279DCF0}
		{0FEEB329-E070-4AAA-90E2-3C922867A434} = {2339DA67-ADBE-4638-8C61-9D78795E9508}
		{B3206195-CE7C-4E8D-B86A-EFF02B428B13} = {838663F9-2335-4CCB-9107-F19B1CDBDE8F}
		{B56F2699-9A40-4F8A-9372-A3F85B1D7BFF} = {92B23AD4-1CAF-4BFE-9A48-C82829B40F42}
	EndGlobalSection
	GlobalSection(ExtensibilityGlobals) = postSolution
		SolutionGuid = {81D0D2DC-5354-43E5-BB2D-CDC1A6163412}
	EndGlobalSection
EndGlobal
